[[package]]
name = "atomicwrites"
version = "1.4.0"
description = "Atomic file writes."
category = "dev"
optional = false
python-versions = ">=2.7, !=3.0.*, !=3.1.*, !=3.2.*, !=3.3.*"

[[package]]
name = "attrs"
version = "21.4.0"
description = "Classes Without Boilerplate"
category = "dev"
optional = false
python-versions = ">=2.7, !=3.0.*, !=3.1.*, !=3.2.*, !=3.3.*, !=3.4.*"

[package.extras]
dev = ["coverage[toml] (>=5.0.2)", "hypothesis", "pympler", "pytest (>=4.3.0)", "six", "mypy", "pytest-mypy-plugins", "zope.interface", "furo", "sphinx", "sphinx-notfound-page", "pre-commit", "cloudpickle"]
docs = ["furo", "sphinx", "zope.interface", "sphinx-notfound-page"]
tests = ["coverage[toml] (>=5.0.2)", "hypothesis", "pympler", "pytest (>=4.3.0)", "six", "mypy", "pytest-mypy-plugins", "zope.interface", "cloudpickle"]
tests_no_zope = ["coverage[toml] (>=5.0.2)", "hypothesis", "pympler", "pytest (>=4.3.0)", "six", "mypy", "pytest-mypy-plugins", "cloudpickle"]

[[package]]
name = "click"
version = "7.1.2"
description = "Composable command line interface toolkit"
category = "main"
optional = false
python-versions = ">=2.7, !=3.0.*, !=3.1.*, !=3.2.*, !=3.3.*, !=3.4.*"

[[package]]
name = "colorama"
version = "0.4.4"
description = "Cross-platform colored terminal text."
category = "main"
optional = false
python-versions = ">=2.7, !=3.0.*, !=3.1.*, !=3.2.*, !=3.3.*, !=3.4.*"

[[package]]
name = "commonmark"
version = "0.9.1"
description = "Python parser for the CommonMark Markdown spec"
category = "main"
optional = false
python-versions = "*"

[package.extras]
test = ["flake8 (==3.7.8)", "hypothesis (==3.55.3)"]

[[package]]
name = "meson"
version = "0.54.3"
description = "A high performance build system"
category = "dev"
optional = false
python-versions = ">=3.5.2"

[package.extras]
progress = ["tqdm"]

[[package]]
name = "mimesis"
version = "4.1.3"
description = "Mimesis: fake data generator."
category = "main"
optional = false
python-versions = "*"

[[package]]
name = "more-itertools"
version = "8.12.0"
description = "More routines for operating on iterables, beyond itertools"
category = "dev"
optional = false
python-versions = ">=3.5"

[[package]]
name = "orjson"
version = "3.6.6"
description = "Fast, correct Python JSON library supporting dataclasses, datetimes, and numpy"
category = "main"
optional = false
python-versions = ">=3.7"

[[package]]
name = "packaging"
version = "21.3"
description = "Core utilities for Python packages"
category = "dev"
optional = false
python-versions = ">=3.6"

[package.dependencies]
pyparsing = ">=2.0.2,<3.0.5 || >3.0.5"

[[package]]
name = "pluggy"
version = "0.13.1"
description = "plugin and hook calling mechanisms for python"
category = "dev"
optional = false
python-versions = ">=2.7, !=3.0.*, !=3.1.*, !=3.2.*, !=3.3.*"

[package.extras]
dev = ["pre-commit", "tox"]

[[package]]
name = "py"
version = "1.11.0"
description = "library with cross-python path, ini-parsing, io, code, log facilities"
category = "dev"
optional = false
python-versions = ">=2.7, !=3.0.*, !=3.1.*, !=3.2.*, !=3.3.*, !=3.4.*"

[[package]]
name = "pygments"
version = "2.11.2"
description = "Pygments is a syntax highlighting package written in Python."
category = "main"
optional = false
python-versions = ">=3.5"

[[package]]
name = "pyparsing"
version = "3.0.7"
description = "Python parsing module"
category = "dev"
optional = false
python-versions = ">=3.6"

[package.extras]
diagrams = ["jinja2", "railroad-diagrams"]

[[package]]
name = "pysimdjson"
version = "4.0.3"
description = "simdjson bindings for python"
category = "main"
optional = false
python-versions = ">3.5"

[package.extras]
benchmark = ["orjson", "python-rapidjson", "simplejson", "ujson", "yyjson", "numpy"]
release = ["sphinx", "furo", "ghp-import", "bumpversion"]
test = ["pytest", "pytest-benchmark", "flake8", "coverage"]

[[package]]
name = "pytest"
version = "5.4.3"
description = "pytest: simple powerful testing with Python"
category = "dev"
optional = false
python-versions = ">=3.5"

[package.dependencies]
atomicwrites = {version = ">=1.0", markers = "sys_platform == \"win32\""}
attrs = ">=17.4.0"
colorama = {version = "*", markers = "sys_platform == \"win32\""}
more-itertools = ">=4.0.0"
packaging = "*"
pluggy = ">=0.12,<1.0"
py = ">=1.5.0"
wcwidth = "*"

[package.extras]
checkqa-mypy = ["mypy (==v0.761)"]
testing = ["argcomplete", "hypothesis (>=3.56)", "mock", "nose", "requests", "xmlschema"]

[[package]]
name = "python-rapidjson"
version = "1.5"
description = "Python wrapper around rapidjson"
category = "main"
optional = false
python-versions = ">=3.6"

[[package]]
name = "rich"
version = "11.0.0"
description = "Render rich text, tables, progress bars, syntax highlighting, markdown and more to the terminal"
category = "main"
optional = false
python-versions = ">=3.6.2,<4.0.0"

[package.dependencies]
colorama = ">=0.4.0,<0.5.0"
commonmark = ">=0.9.0,<0.10.0"
pygments = ">=2.6.0,<3.0.0"

[package.extras]
jupyter = ["ipywidgets (>=7.5.1,<8.0.0)"]

[[package]]
name = "tqdm"
version = "4.62.3"
description = "Fast, Extensible Progress Meter"
category = "main"
optional = false
python-versions = "!=3.0.*,!=3.1.*,!=3.2.*,!=3.3.*,>=2.7"

[package.dependencies]
colorama = {version = "*", markers = "platform_system == \"Windows\""}

[package.extras]
dev = ["py-make (>=0.1.0)", "twine", "wheel"]
notebook = ["ipywidgets (>=6)"]
telegram = ["requests"]

[[package]]
name = "ujson"
version = "2.0.3"
description = "Ultra fast JSON encoder and decoder for Python"
category = "main"
optional = false
python-versions = ">=2.7, !=3.0.*, !=3.1.*, !=3.2.*, !=3.3.*, !=3.4.*"

[[package]]
name = "wcwidth"
version = "0.2.5"
description = "Measures the displayed width of unicode strings in a terminal"
category = "dev"
optional = false
python-versions = "*"

[metadata]
lock-version = "1.1"
python-versions = "^3.8"
content-hash = "291acd1654f22311909520c50b92ecaa9f732863bed7dd569a856fc605ec4446"

[metadata.files]
atomicwrites = [
    {file = "atomicwrites-1.4.0-py2.py3-none-any.whl", hash = "sha256:6d1784dea7c0c8d4a5172b6c620f40b6e4cbfdf96d783691f2e1302a7b88e197"},
    {file = "atomicwrites-1.4.0.tar.gz", hash = "sha256:ae70396ad1a434f9c7046fd2dd196fc04b12f9e91ffb859164193be8b6168a7a"},
]
attrs = [
    {file = "attrs-21.4.0-py2.py3-none-any.whl", hash = "sha256:2d27e3784d7a565d36ab851fe94887c5eccd6a463168875832a1be79c82828b4"},
    {file = "attrs-21.4.0.tar.gz", hash = "sha256:626ba8234211db98e869df76230a137c4c40a12d72445c45d5f5b716f076e2fd"},
]
click = [
    {file = "click-7.1.2-py2.py3-none-any.whl", hash = "sha256:dacca89f4bfadd5de3d7489b7c8a566eee0d3676333fbb50030263894c38c0dc"},
    {file = "click-7.1.2.tar.gz", hash = "sha256:d2b5255c7c6349bc1bd1e59e08cd12acbbd63ce649f2588755783aa94dfb6b1a"},
]
colorama = [
    {file = "colorama-0.4.4-py2.py3-none-any.whl", hash = "sha256:9f47eda37229f68eee03b24b9748937c7dc3868f906e8ba69fbcbdd3bc5dc3e2"},
    {file = "colorama-0.4.4.tar.gz", hash = "sha256:5941b2b48a20143d2267e95b1c2a7603ce057ee39fd88e7329b0c292aa16869b"},
]
commonmark = [
    {file = "commonmark-0.9.1-py2.py3-none-any.whl", hash = "sha256:da2f38c92590f83de410ba1a3cbceafbc74fee9def35f9251ba9a971d6d66fd9"},
    {file = "commonmark-0.9.1.tar.gz", hash = "sha256:452f9dc859be7f06631ddcb328b6919c67984aca654e5fefb3914d54691aed60"},
]
meson = [
    {file = "meson-0.54.3.tar.gz", hash = "sha256:f2bdf4cf0694e696b48261cdd14380fb1d0fe33d24744d8b2df0c12f33ebb662"},
]
mimesis = [
    {file = "mimesis-4.1.3.tar.gz", hash = "sha256:90f36c21c1bb9944afc17178eb5868b0c85aa1fe49eb04bcbdafafd1ad4ca2ba"},
]
more-itertools = [
    {file = "more-itertools-8.12.0.tar.gz", hash = "sha256:7dc6ad46f05f545f900dd59e8dfb4e84a4827b97b3cfecb175ea0c7d247f6064"},
    {file = "more_itertools-8.12.0-py3-none-any.whl", hash = "sha256:43e6dd9942dffd72661a2c4ef383ad7da1e6a3e968a927ad7a6083ab410a688b"},
]
orjson = [
    {file = "orjson-3.6.6-cp310-cp310-macosx_10_7_x86_64.whl", hash = "sha256:e4a7cad6c63306318453980d302c7c0b74c0cc290dd1f433bbd7d31a5af90cf1"},
    {file = "orjson-3.6.6-cp310-cp310-macosx_10_9_x86_64.macosx_11_0_arm64.macosx_10_9_universal2.whl", hash = "sha256:e533941dca4a0530a876de32e54bf2fd3269cdec3751aebde7bfb5b5eba98e74"},
    {file = "orjson-3.6.6-cp310-cp310-manylinux_2_24_aarch64.whl", hash = "sha256:9adf63be386eaa34278967512b83ff8fc4bed036a246391ae236f68d23c47452"},
    {file = "orjson-3.6.6-cp310-cp310-manylinux_2_24_x86_64.whl", hash = "sha256:3b636753ae34d4619b11ea7d664a2f1e87e55e9738e5123e12bcce22acae9d13"},
    {file = "orjson-3.6.6-cp310-none-win_amd64.whl", hash = "sha256:78a10295ed048fd916c6584d6d27c232eae805a43e7c14be56e3745f784f0eb6"},
    {file = "orjson-3.6.6-cp37-cp37m-macosx_10_7_x86_64.whl", hash = "sha256:82b4f9fb2af7799b52932a62eac484083f930d5519560d6f64b24d66a368d03f"},
    {file = "orjson-3.6.6-cp37-cp37m-macosx_10_9_x86_64.macosx_11_0_arm64.macosx_10_9_universal2.whl", hash = "sha256:a0033d07309cc7d8b8c4bc5d42f0dd4422b53ceb91dee9f4086bb2afa70b7772"},
    {file = "orjson-3.6.6-cp37-cp37m-manylinux_2_17_x86_64.manylinux2014_x86_64.whl", hash = "sha256:2b321f99473116ab7c7c028377372f7b4adba4029aaca19cd567e83898f55579"},
    {file = "orjson-3.6.6-cp37-cp37m-manylinux_2_24_aarch64.whl", hash = "sha256:b9c98ed94f1688cc11b5c61b8eea39d854a1a2f09f71d8a5af005461b14994ed"},
    {file = "orjson-3.6.6-cp37-cp37m-manylinux_2_24_x86_64.whl", hash = "sha256:00b333a41392bd07a8603c42670547dbedf9b291485d773f90c6470eff435608"},
    {file = "orjson-3.6.6-cp37-none-win_amd64.whl", hash = "sha256:8d4fd3bdee65a81f2b79c50937d4b3c054e1e6bfa3fc72ed018a97c0c7c3d521"},
    {file = "orjson-3.6.6-cp38-cp38-macosx_10_7_x86_64.whl", hash = "sha256:954c9f8547247cd7a8c91094ff39c9fe314b5eaeaec90b7bfb7384a4108f416f"},
    {file = "orjson-3.6.6-cp38-cp38-macosx_10_9_x86_64.macosx_11_0_arm64.macosx_10_9_universal2.whl", hash = "sha256:74e5aed657ed0b91ef05d44d6a26d3e3e12ce4d2d71f75df41a477b05878c4a9"},
    {file = "orjson-3.6.6-cp38-cp38-manylinux_2_17_x86_64.manylinux2014_x86_64.whl", hash = "sha256:4008a5130e6e9c33abaa95e939e0e755175da10745740aa6968461b2f16830e2"},
    {file = "orjson-3.6.6-cp38-cp38-manylinux_2_24_aarch64.whl", hash = "sha256:012761d5f3d186deb4f6238f15e9ea7c1aac6deebc8f5b741ba3b4fafe017460"},
    {file = "orjson-3.6.6-cp38-cp38-manylinux_2_24_x86_64.whl", hash = "sha256:b464546718a940b48d095a98df4c04808bfa6c8706fe751fc3f9390bc2f82643"},
    {file = "orjson-3.6.6-cp38-none-win_amd64.whl", hash = "sha256:f10a800f4e5a4aab52076d4628e9e4dab9370bdd9d8ea254ebfde846b653ab25"},
    {file = "orjson-3.6.6-cp39-cp39-macosx_10_7_x86_64.whl", hash = "sha256:8010d2610cfab721725ef14d578c7071e946bbdae63322d8f7b49061cf3fde8d"},
    {file = "orjson-3.6.6-cp39-cp39-macosx_10_9_x86_64.macosx_11_0_arm64.macosx_10_9_universal2.whl", hash = "sha256:8dca67a4855e1e0f9a2ea0386e8db892708522e1171dc0ddf456932288fbae63"},
    {file = "orjson-3.6.6-cp39-cp39-manylinux_2_17_x86_64.manylinux2014_x86_64.whl", hash = "sha256:af065d60523139b99bd35b839c7a2d8c5da55df8a8c4402d2eb6cdc07fa7a624"},
    {file = "orjson-3.6.6-cp39-cp39-manylinux_2_24_aarch64.whl", hash = "sha256:fa1f389cc9f766ae0cf7ba3533d5089836b01a5ccb3f8d904297f1fcf3d9dc34"},
    {file = "orjson-3.6.6-cp39-cp39-manylinux_2_24_x86_64.whl", hash = "sha256:ec1221ad78f94d27b162a1d35672b62ef86f27f0e4c2b65051edb480cc86b286"},
    {file = "orjson-3.6.6-cp39-none-win_amd64.whl", hash = "sha256:afed2af55eeda1de6b3f1cbc93431981b19d380fcc04f6ed86e74c1913070304"},
    {file = "orjson-3.6.6.tar.gz", hash = "sha256:55dd988400fa7fbe0e31407c683f5aaab013b5bd967167b8fe058186773c4d6c"},
]
packaging = [
    {file = "packaging-21.3-py3-none-any.whl", hash = "sha256:ef103e05f519cdc783ae24ea4e2e0f508a9c99b2d4969652eed6a2e1ea5bd522"},
    {file = "packaging-21.3.tar.gz", hash = "sha256:dd47c42927d89ab911e606518907cc2d3a1f38bbd026385970643f9c5b8ecfeb"},
]
pluggy = [
    {file = "pluggy-0.13.1-py2.py3-none-any.whl", hash = "sha256:966c145cd83c96502c3c3868f50408687b38434af77734af1e9ca461a4081d2d"},
    {file = "pluggy-0.13.1.tar.gz", hash = "sha256:15b2acde666561e1298d71b523007ed7364de07029219b604cf808bfa1c765b0"},
]
py = [
    {file = "py-1.11.0-py2.py3-none-any.whl", hash = "sha256:607c53218732647dff4acdfcd50cb62615cedf612e72d1724fb1a0cc6405b378"},
    {file = "py-1.11.0.tar.gz", hash = "sha256:51c75c4126074b472f746a24399ad32f6053d1b34b68d2fa41e558e6f4a98719"},
]
pygments = [
    {file = "Pygments-2.11.2-py3-none-any.whl", hash = "sha256:44238f1b60a76d78fc8ca0528ee429702aae011c265fe6a8dd8b63049ae41c65"},
    {file = "Pygments-2.11.2.tar.gz", hash = "sha256:4e426f72023d88d03b2fa258de560726ce890ff3b630f88c21cbb8b2503b8c6a"},
]
pyparsing = [
    {file = "pyparsing-3.0.7-py3-none-any.whl", hash = "sha256:a6c06a88f252e6c322f65faf8f418b16213b51bdfaece0524c1c1bc30c63c484"},
    {file = "pyparsing-3.0.7.tar.gz", hash = "sha256:18ee9022775d270c55187733956460083db60b37d0d0fb357445f3094eed3eea"},
]
pysimdjson = [
    {file = "pysimdjson-4.0.3-cp310-cp310-macosx_10_9_universal2.whl", hash = "sha256:d7aab0bdb8797e018f8da00f5249b507878cfd7dd7c6620e9ded37626b7631c0"},
    {file = "pysimdjson-4.0.3-cp310-cp310-macosx_10_9_x86_64.whl", hash = "sha256:561dac6abb51afe588535217d804f0c927ba74ccb47e504197730a4e800ab1a1"},
    {file = "pysimdjson-4.0.3-cp310-cp310-manylinux_2_17_aarch64.manylinux2014_aarch64.whl", hash = "sha256:81759d8dfa1057054aae6ab0462d5f878e4b2dc8db6afb0b083ae0c84b7ceb0f"},
    {file = "pysimdjson-4.0.3-cp310-cp310-manylinux_2_17_ppc64le.manylinux2014_ppc64le.whl", hash = "sha256:64300ce056b4e602528eddd9f2597a5ec8a3af3019f0d4d79fe676d486edd601"},
    {file = "pysimdjson-4.0.3-cp310-cp310-manylinux_2_5_i686.manylinux1_i686.manylinux_2_12_i686.manylinux2010_i686.whl", hash = "sha256:cdfc146575273aa3413f52e45a883d5db65deeff17f26933262c1c2c34a4a017"},
    {file = "pysimdjson-4.0.3-cp310-cp310-manylinux_2_5_x86_64.manylinux1_x86_64.manylinux_2_12_x86_64.manylinux2010_x86_64.whl", hash = "sha256:04053d56fad470e85d73c96352ed4b4e4b2e3fa9f929d0469bf68daa55fa1dcd"},
    {file = "pysimdjson-4.0.3-cp310-cp310-musllinux_1_1_aarch64.whl", hash = "sha256:8e2afc626b147f41b368de865d5f976ed17db50f88131d8c071a6be6af49fd01"},
    {file = "pysimdjson-4.0.3-cp310-cp310-musllinux_1_1_i686.whl", hash = "sha256:8e45141925e3a48227cd3bc9a642b439e8b60814e55660a96dab004257ac806d"},
    {file = "pysimdjson-4.0.3-cp310-cp310-musllinux_1_1_ppc64le.whl", hash = "sha256:b3596adb35aac6d30f5f9679dc9b60ae8bc02a91adaeca7fd6f13dcd3b8a9a6b"},
    {file = "pysimdjson-4.0.3-cp310-cp310-musllinux_1_1_x86_64.whl", hash = "sha256:8f5dd13ebe3faa4f036d2ff038ad8c52ddbce70c5ca7b95170545612c336b803"},
    {file = "pysimdjson-4.0.3-cp310-cp310-win32.whl", hash = "sha256:e5f9dda867ce5999d6b3130fcec332fbd4f110488dc00b29993f26cb65bcef1d"},
    {file = "pysimdjson-4.0.3-cp310-cp310-win_amd64.whl", hash = "sha256:7911e9620224758eb21a3759250a0e722114bcdf93c0051f3e0aa6f4ce6fc89d"},
    {file = "pysimdjson-4.0.3-cp36-cp36m-macosx_10_9_x86_64.whl", hash = "sha256:4a2151daa749eb3d8f63e005be65736bece840e6e7186e4c5cb0c77cedd86e8a"},
    {file = "pysimdjson-4.0.3-cp36-cp36m-manylinux_2_17_aarch64.manylinux2014_aarch64.whl", hash = "sha256:c7bef21d57d61b0098190d898df83591b9ee35cadef288936b413dca2d4ced90"},
    {file = "pysimdjson-4.0.3-cp36-cp36m-manylinux_2_17_ppc64le.manylinux2014_ppc64le.whl", hash = "sha256:86b66d7453cfd0fd5601598e1718a6bbd54b7190c4c6e2279c87ea785ab10c97"},
    {file = "pysimdjson-4.0.3-cp36-cp36m-manylinux_2_5_i686.manylinux1_i686.manylinux_2_12_i686.manylinux2010_i686.whl", hash = "sha256:865c4f6fb079d73724779ce7b5cb28c6777bc29b3d2eed56e0f6eb1b33669a84"},
    {file = "pysimdjson-4.0.3-cp36-cp36m-manylinux_2_5_x86_64.manylinux1_x86_64.manylinux_2_12_x86_64.manylinux2010_x86_64.whl", hash = "sha256:840ede52b4c2069546c5fbcd48dee35acbf400720876e1a60cced39dc87613a0"},
    {file = "pysimdjson-4.0.3-cp36-cp36m-musllinux_1_1_aarch64.whl", hash = "sha256:31d8a91b6d12cdc0bcf56caeed024d1af624295f8aa598f526fbfaf1aeacec3b"},
    {file = "pysimdjson-4.0.3-cp36-cp36m-musllinux_1_1_i686.whl", hash = "sha256:588626eb2916627e4b04b1519314f62308d0e0bec651467931d771dbc7ad9e60"},
    {file = "pysimdjson-4.0.3-cp36-cp36m-musllinux_1_1_ppc64le.whl", hash = "sha256:fcde3f0e9713544950f79d9899edec0a00e0d37caeea250823f62e759d94b6fe"},
    {file = "pysimdjson-4.0.3-cp36-cp36m-musllinux_1_1_x86_64.whl", hash = "sha256:c6b2868aa24211177a4ff2e2c3e97f689821fda4977f727d0e2bc0b72f7aa91e"},
    {file = "pysimdjson-4.0.3-cp36-cp36m-win32.whl", hash = "sha256:070c259a0d194fb1a8886d30015168ed666fa1b2e8230927441742c5a132fd59"},
    {file = "pysimdjson-4.0.3-cp36-cp36m-win_amd64.whl", hash = "sha256:ed866ad28a231cbd198c7f048b0a7a428b215b7ed85aa6a696a1897b4b5b7ef7"},
    {file = "pysimdjson-4.0.3-cp37-cp37m-macosx_10_9_x86_64.whl", hash = "sha256:9b6f896c3821fbfaadea3833f777065d95f83a91b012842b38ef22f65344c2ea"},
    {file = "pysimdjson-4.0.3-cp37-cp37m-manylinux_2_17_aarch64.manylinux2014_aarch64.whl", hash = "sha256:eedaa7af8f70954709677384473c83b35c6ebd7c0d060fec4b3ce5e28f240644"},
    {file = "pysimdjson-4.0.3-cp37-cp37m-manylinux_2_17_ppc64le.manylinux2014_ppc64le.whl", hash = "sha256:1023c9dc111e0acd5bc44c8e87eded3f75faa662fcde570bbfea6f8f4216b93e"},
    {file = "pysimdjson-4.0.3-cp37-cp37m-manylinux_2_5_i686.manylinux1_i686.manylinux_2_12_i686.manylinux2010_i686.whl", hash = "sha256:e654026a5b583442a85dc1f0bd68b5f0218dc680d48dc3164bebc425da95a8f3"},
    {file = "pysimdjson-4.0.3-cp37-cp37m-manylinux_2_5_x86_64.manylinux1_x86_64.manylinux_2_12_x86_64.manylinux2010_x86_64.whl", hash = "sha256:c2c07cc08f88bd9c2703cbbe7fa77785cae0c2a1ff7c3bbd7b67bde1410c3690"},
    {file = "pysimdjson-4.0.3-cp37-cp37m-musllinux_1_1_aarch64.whl", hash = "sha256:e396eebee5786a8a77cbdc81e3525e07d078a5063b825e1fe191e22825d425b3"},
    {file = "pysimdjson-4.0.3-cp37-cp37m-musllinux_1_1_i686.whl", hash = "sha256:2f85b74de68ee487a762c70682df2dc51c94ed461305acd8d3813d2ec60592f8"},
    {file = "pysimdjson-4.0.3-cp37-cp37m-musllinux_1_1_ppc64le.whl", hash = "sha256:2a99526483664611102651789674a4ac4707f5f560368dbf66a04e1be4776204"},
    {file = "pysimdjson-4.0.3-cp37-cp37m-musllinux_1_1_x86_64.whl", hash = "sha256:f38c432785998f3d4a8571bd697e169add6f3e2cfa7d5ecc6770c80484c2ac3c"},
    {file = "pysimdjson-4.0.3-cp37-cp37m-win32.whl", hash = "sha256:4bea8fda40360bb5ac6a84504d8c9f6add1e1c537b5513027383233a2b92e1f8"},
    {file = "pysimdjson-4.0.3-cp37-cp37m-win_amd64.whl", hash = "sha256:ee3488046f8293c9a36c45f73b532b84233a51d94e710cf281b3d7fd1761d842"},
    {file = "pysimdjson-4.0.3-cp38-cp38-macosx_10_9_universal2.whl", hash = "sha256:c39225ad9564f018fa26b4e856cf6735b968ab1329e048147b2cf1334f1d91e1"},
    {file = "pysimdjson-4.0.3-cp38-cp38-macosx_10_9_x86_64.whl", hash = "sha256:9054fb4a21b611ea837a4979735edf114897f670a595dd93ac92222891e39771"},
    {file = "pysimdjson-4.0.3-cp38-cp38-manylinux_2_17_aarch64.manylinux2014_aarch64.whl", hash = "sha256:75c99d7ba2c9a5dbe621e2ce676bd1aa948ec2cb3557410ef8a30db5caa1214a"},
    {file = "pysimdjson-4.0.3-cp38-cp38-manylinux_2_17_ppc64le.manylinux2014_ppc64le.whl", hash = "sha256:ceaab9ad73112d696d148d3662227b1a98e6c75e569ab67943ec2521404f48bd"},
    {file = "pysimdjson-4.0.3-cp38-cp38-manylinux_2_5_i686.manylinux1_i686.manylinux_2_12_i686.manylinux2010_i686.whl", hash = "sha256:84e0ae3ab7c3ab5791a62e9c748e3ddfa4d98d31a6f97c5848fcc3e4410d65e3"},
    {file = "pysimdjson-4.0.3-cp38-cp38-manylinux_2_5_x86_64.manylinux1_x86_64.manylinux_2_12_x86_64.manylinux2010_x86_64.whl", hash = "sha256:52761487113692e572c86d64eeb66c6fe6b1b5cbf2e57c321276cda373c923dc"},
    {file = "pysimdjson-4.0.3-cp38-cp38-musllinux_1_1_aarch64.whl", hash = "sha256:686db5eaaebca11634ac126557f3263ea078f6ceb919f93ceaa1ff9fa915c106"},
    {file = "pysimdjson-4.0.3-cp38-cp38-musllinux_1_1_i686.whl", hash = "sha256:20d1c4193fbd4a09672f4cb32472feb450c303b59e8f3ab9647cdaa14a641e6a"},
    {file = "pysimdjson-4.0.3-cp38-cp38-musllinux_1_1_ppc64le.whl", hash = "sha256:e3c378e754aac57e09c84455fce416b7084e5f1648da902036cbe320c3e4f3b6"},
    {file = "pysimdjson-4.0.3-cp38-cp38-musllinux_1_1_x86_64.whl", hash = "sha256:8b6741b6e620d615846f5f9e2ecff335f481b795d60427ae6f4f0699bfeb2b55"},
    {file = "pysimdjson-4.0.3-cp38-cp38-win32.whl", hash = "sha256:d47b0f0d56b488ffd6812c27aaf2ba4d8515e3cdd042924b961717d49d8be198"},
    {file = "pysimdjson-4.0.3-cp38-cp38-win_amd64.whl", hash = "sha256:a67a74a4e8e3c642b5f940d5c966200bf19bf4172edfa42ea4c1bc8edeffdedc"},
    {file = "pysimdjson-4.0.3-cp39-cp39-macosx_10_9_universal2.whl", hash = "sha256:e81534a949874a50857634f6f4429ef12449c598379578a69be8ad7e16ebcc24"},
    {file = "pysimdjson-4.0.3-cp39-cp39-macosx_10_9_x86_64.whl", hash = "sha256:8d77a8748ddf9030f1953b426a4549a1023323feb2c4f8cce278be6d512ee7bd"},
    {file = "pysimdjson-4.0.3-cp39-cp39-manylinux_2_17_aarch64.manylinux2014_aarch64.whl", hash = "sha256:7504cc9f6bb943edb118390030026e0d90165b6d0f833d7b5c5c8b36b46eaedc"},
    {file = "pysimdjson-4.0.3-cp39-cp39-manylinux_2_17_ppc64le.manylinux2014_ppc64le.whl", hash = "sha256:f498ab1a2938bdcc5a3dd1e1ba57f829db97d57b78542c4f9539c8ec4f7bc7ea"},
    {file = "pysimdjson-4.0.3-cp39-cp39-manylinux_2_5_i686.manylinux1_i686.manylinux_2_12_i686.manylinux2010_i686.whl", hash = "sha256:2ce2ccef6b8c5d97889e158b6ae17d0ac1e3e9e3109268d45af01e071c2116d7"},
    {file = "pysimdjson-4.0.3-cp39-cp39-manylinux_2_5_x86_64.manylinux1_x86_64.manylinux_2_12_x86_64.manylinux2010_x86_64.whl", hash = "sha256:bf65118fc0679155e30dc04c66e6d8d71eb41c63b3cd381cfec15780a70159e7"},
    {file = "pysimdjson-4.0.3-cp39-cp39-musllinux_1_1_aarch64.whl", hash = "sha256:7ac48d4a2a2c8f9d17f77d959a2d6f7b7c60e0a13c893b9e0b6010d4a7e931cd"},
    {file = "pysimdjson-4.0.3-cp39-cp39-musllinux_1_1_i686.whl", hash = "sha256:6efc539431928649e961bbbf52ba0e550c9ab0b2cfea51152146b575d4d26599"},
    {file = "pysimdjson-4.0.3-cp39-cp39-musllinux_1_1_ppc64le.whl", hash = "sha256:7c607d6c01a539501c303dc34715a83f0e1346d4de99a41191c9713d8c1acdd7"},
    {file = "pysimdjson-4.0.3-cp39-cp39-musllinux_1_1_x86_64.whl", hash = "sha256:225a36719f64bcd147cb523d5bd89cca87578ce7c891493f71ab1caefc03426e"},
    {file = "pysimdjson-4.0.3-cp39-cp39-win32.whl", hash = "sha256:8edd18497d6169c74561914c03fb8138fca7508105ff1ee80759ec5c6fccb7e0"},
    {file = "pysimdjson-4.0.3-cp39-cp39-win_amd64.whl", hash = "sha256:11c14ba3d73a74c2b48e90fd7507d2987f6cd8c5e755649d1e9b368c9dcbd6d3"},
    {file = "pysimdjson-4.0.3-pp37-pypy37_pp73-macosx_10_9_x86_64.whl", hash = "sha256:e7c06a0ffb3700500546e1490e4ad4eaa32a8288c667cc2ae521b88aa29f207d"},
    {file = "pysimdjson-4.0.3-pp37-pypy37_pp73-manylinux_2_17_aarch64.manylinux2014_aarch64.whl", hash = "sha256:74fb2dd576800bd6e566a532e4165ff6a88f1f2f288fabc302bff2a5167d8824"},
    {file = "pysimdjson-4.0.3-pp37-pypy37_pp73-manylinux_2_5_i686.manylinux1_i686.manylinux_2_12_i686.manylinux2010_i686.whl", hash = "sha256:7a10e8b0882d0c0b7dcab94f7cb9be7beaabeb601a15e74ff31f6400f24840c7"},
    {file = "pysimdjson-4.0.3-pp37-pypy37_pp73-manylinux_2_5_x86_64.manylinux1_x86_64.manylinux_2_12_x86_64.manylinux2010_x86_64.whl", hash = "sha256:004ac307d30b3e327801787dc662d5c07ac2c770892ce6c92db33a48aeba4764"},
    {file = "pysimdjson-4.0.3-pp37-pypy37_pp73-win_amd64.whl", hash = "sha256:5823cac54244ce1900b124ef50423a97fa944a8240cce8b86edda1c42ca5a9b6"},
    {file = "pysimdjson-4.0.3.tar.gz", hash = "sha256:61900992d7f992b073a8c5f93cafa4af9bfd3209624baa775699b0fdd6f67517"},
]
pytest = [
    {file = "pytest-5.4.3-py3-none-any.whl", hash = "sha256:5c0db86b698e8f170ba4582a492248919255fcd4c79b1ee64ace34301fb589a1"},
    {file = "pytest-5.4.3.tar.gz", hash = "sha256:7979331bfcba207414f5e1263b5a0f8f521d0f457318836a7355531ed1a4c7d8"},
]
python-rapidjson = [
    {file = "python-rapidjson-1.5.tar.gz", hash = "sha256:04323e63cf57f7ed927fd9bcb1861ef5ecb0d4d7213f2755969d4a1ac3c2de6f"},
    {file = "python_rapidjson-1.5-cp310-cp310-macosx_10_9_x86_64.whl", hash = "sha256:18479fa7f9d23468f9b1eeeacd83698979164c80ce86d786024ac73480049e77"},
    {file = "python_rapidjson-1.5-cp310-cp310-manylinux_2_17_aarch64.manylinux2014_aarch64.whl", hash = "sha256:27b88d73a821f772d72d13aacdae229898f4c2e4d4fdee50f82128cf9974e92f"},
    {file = "python_rapidjson-1.5-cp310-cp310-manylinux_2_5_i686.manylinux1_i686.manylinux_2_12_i686.manylinux2010_i686.whl", hash = "sha256:3fdda4556c5c10f936b4e3bba14dd38becf8f861a536d2024b9d04ac200d9b4b"},
    {file = "python_rapidjson-1.5-cp310-cp310-manylinux_2_5_x86_64.manylinux1_x86_64.manylinux_2_12_x86_64.manylinux2010_x86_64.whl", hash = "sha256:75cbfcc038ec9db9c02322d3e43567183a1c3699ea223e8bd5082ce2d4c8a559"},
    {file = "python_rapidjson-1.5-cp310-cp310-win32.whl", hash = "sha256:af53be06737fd20c473613bda7a7c2207b75f25a078a3d6cde630bd40b125345"},
    {file = "python_rapidjson-1.5-cp310-cp310-win_amd64.whl", hash = "sha256:f378588baff7e3e7f1afb01de3912f969c727bdaaa7566c456bbebe3852a5e23"},
    {file = "python_rapidjson-1.5-cp36-cp36m-macosx_10_9_x86_64.whl", hash = "sha256:bf7c508b314d27505a607fd9a7298b3dd08cd44feb1c07d064c9fb24045639b7"},
    {file = "python_rapidjson-1.5-cp36-cp36m-manylinux_2_17_aarch64.manylinux2014_aarch64.whl", hash = "sha256:def01cf09efc6069e4d1b98702d02f8962c272624e8222f6c748e32f4a8adb77"},
    {file = "python_rapidjson-1.5-cp36-cp36m-manylinux_2_5_i686.manylinux1_i686.manylinux_2_12_i686.manylinux2010_i686.whl", hash = "sha256:d38230f20ece88147cb94af37a4822d8587ba44a32d5de1f49db10fa0e2dc925"},
    {file = "python_rapidjson-1.5-cp36-cp36m-manylinux_2_5_x86_64.manylinux1_x86_64.manylinux_2_12_x86_64.manylinux2010_x86_64.whl", hash = "sha256:4e865fc060d9542a3ba50fd7a76200b2fa83e05a6a2d16f23bb101b571ca0375"},
    {file = "python_rapidjson-1.5-cp36-cp36m-win32.whl", hash = "sha256:f179435686348fe04e9cf4edeaca25830adf5c73213c9f662888a53c2191e04e"},
    {file = "python_rapidjson-1.5-cp36-cp36m-win_amd64.whl", hash = "sha256:1a743dab61e9ee1ea6e5abcf378ccd344b6c11dd80db583244ec7cc958c3e03c"},
    {file = "python_rapidjson-1.5-cp37-cp37m-macosx_10_9_x86_64.whl", hash = "sha256:92b25445e52230db0b9477a6c2238cf86ba08aceb8b1d026a4baa994dc7ecab6"},
    {file = "python_rapidjson-1.5-cp37-cp37m-manylinux_2_17_aarch64.manylinux2014_aarch64.whl", hash = "sha256:e0e7e6f5e01ebb72b6126db2495c7f898f01b02f92b2a2632ceecfa5d98e8ff4"},
    {file = "python_rapidjson-1.5-cp37-cp37m-manylinux_2_5_i686.manylinux1_i686.manylinux_2_12_i686.manylinux2010_i686.whl", hash = "sha256:133516839bb058876df971c1dc18aaad841c973990bde2b233a76953ccb5b0d8"},
    {file = "python_rapidjson-1.5-cp37-cp37m-manylinux_2_5_x86_64.manylinux1_x86_64.manylinux_2_12_x86_64.manylinux2010_x86_64.whl", hash = "sha256:94623a6a759b02b949f14ac11e15d49a6d0c78003a7966b711418a37b0bbc52d"},
    {file = "python_rapidjson-1.5-cp37-cp37m-win32.whl", hash = "sha256:58ac94b595162d0a0c873456703dd851d850c9f6b07622878ad9e98215b1e5b5"},
    {file = "python_rapidjson-1.5-cp37-cp37m-win_amd64.whl", hash = "sha256:ef8e16765ab230a958060c7639ae6617e720313faff2e5c30495dc1363e117d1"},
    {file = "python_rapidjson-1.5-cp38-cp38-macosx_10_9_x86_64.whl", hash = "sha256:55f948bdb73ed577f18054ca53c5ec92e8502f68894b51b3e6899fa259a6850e"},
    {file = "python_rapidjson-1.5-cp38-cp38-manylinux_2_17_aarch64.manylinux2014_aarch64.whl", hash = "sha256:cd41c155599032aaf8c20604b71bd7f4109ef9400f8fcea04a155e8b3d3bc20f"},
    {file = "python_rapidjson-1.5-cp38-cp38-manylinux_2_5_i686.manylinux1_i686.manylinux_2_12_i686.manylinux2010_i686.whl", hash = "sha256:389eed04f81d8952b25d1ab45cd12103cbd014e9e0f9bc249157279da3669ebd"},
    {file = "python_rapidjson-1.5-cp38-cp38-manylinux_2_5_x86_64.manylinux1_x86_64.manylinux_2_12_x86_64.manylinux2010_x86_64.whl", hash = "sha256:459272d561d03b308fb2cbca4312955ae8ed7d13a81c5f2d5324149433d3299d"},
    {file = "python_rapidjson-1.5-cp38-cp38-win32.whl", hash = "sha256:0890330cea15a4e0e48d0257890c2bc4700ffbe4fd3ba3c459bbf0af3a86139d"},
    {file = "python_rapidjson-1.5-cp38-cp38-win_amd64.whl", hash = "sha256:869c58ca3b1e64fe9ce612c4a05d792c6e299a206e7efcb3eb4e5fbbad938e40"},
    {file = "python_rapidjson-1.5-cp39-cp39-macosx_10_9_x86_64.whl", hash = "sha256:c1121e0de5179b923c62b2da843d0f110d83880ad4f8f66acaebb88a2c8fc28d"},
    {file = "python_rapidjson-1.5-cp39-cp39-manylinux_2_17_aarch64.manylinux2014_aarch64.whl", hash = "sha256:c1ce13e7bd08b8fd9d8ef8dc20f153100afc5aead1bbb0e6f5c216bd4d8d8a31"},
    {file = "python_rapidjson-1.5-cp39-cp39-manylinux_2_5_i686.manylinux1_i686.manylinux_2_12_i686.manylinux2010_i686.whl", hash = "sha256:54c5a3df3539752ae544725f93e03250be82834f0025fe3cf95126d75acbf4aa"},
    {file = "python_rapidjson-1.5-cp39-cp39-manylinux_2_5_x86_64.manylinux1_x86_64.manylinux_2_12_x86_64.manylinux2010_x86_64.whl", hash = "sha256:f83c5515e4acc0cef7d98c4623a357f54c2c4833d918477a12eb595658b4fd75"},
    {file = "python_rapidjson-1.5-cp39-cp39-win32.whl", hash = "sha256:3af7c7aad5b93913a2eda2746e1fb91ec8fc7e54596fe5b1a5740048bc4480f9"},
    {file = "python_rapidjson-1.5-cp39-cp39-win_amd64.whl", hash = "sha256:121a787596cd3e1a4913cefab734dfcec635e9ad5b33d034728e28d1514e9068"},
]
rich = [
    {file = "rich-11.0.0-py3-none-any.whl", hash = "sha256:d7a8086aa1fa7e817e3bba544eee4fd82047ef59036313147759c11475f0dafd"},
    {file = "rich-11.0.0.tar.gz", hash = "sha256:c32a8340b21c75931f157466fefe81ae10b92c36a5ea34524dff3767238774a4"},
]
tqdm = [
    {file = "tqdm-4.62.3-py2.py3-none-any.whl", hash = "sha256:8dd278a422499cd6b727e6ae4061c40b48fce8b76d1ccbf5d34fca9b7f925b0c"},
    {file = "tqdm-4.62.3.tar.gz", hash = "sha256:d359de7217506c9851b7869f3708d8ee53ed70a1b8edbba4dbcb47442592920d"},
]
ujson = [
    {file = "ujson-2.0.3-cp27-cp27m-manylinux1_x86_64.whl", hash = "sha256:7ae13733d9467d16ccac2f38212cdee841b49ae927085c533425be9076b0bc9d"},
    {file = "ujson-2.0.3-cp27-cp27mu-manylinux1_x86_64.whl", hash = "sha256:6217c63a36e9b26e9271e686d212397ce7fb04c07d85509dd4e2ed73493320f8"},
    {file = "ujson-2.0.3-cp35-cp35m-manylinux1_x86_64.whl", hash = "sha256:c8369ef49169804944e920c427e350182e33756422b69989c55608fc28bebf98"},
    {file = "ujson-2.0.3-cp36-cp36m-manylinux1_x86_64.whl", hash = "sha256:0c23f21e8d2b60efab57bc6ce9d1fb7c4e96f4bfefbf5a6043a3f3309e2a738a"},
    {file = "ujson-2.0.3-cp37-cp37m-manylinux1_x86_64.whl", hash = "sha256:3d1f4705a4ec1e48ff383a4d92299d8ec25e9a8158bcea619912440948117634"},
    {file = "ujson-2.0.3-cp38-cp38-manylinux1_x86_64.whl", hash = "sha256:2ab88e330405315512afe9276f29a60e9b3439187b273665630a57ed7fe1d936"},
    {file = "ujson-2.0.3.tar.gz", hash = "sha256:bd2deffc983827510e5145fb66e4cc0f577480c62fe0b4882139f8f7d27ae9a3"},
]
wcwidth = [
    {file = "wcwidth-0.2.5-py2.py3-none-any.whl", hash = "sha256:beb4802a9cebb9144e99086eff703a642a13d6a0052920003a230f3294bbe784"},
    {file = "wcwidth-0.2.5.tar.gz", hash = "sha256:c4d647b99872929fdb7bdcaa4fbe7f01413ed3d98077df798530e5b04f116c83"},
]
