[[package]]
category = "dev"
description = "Atomic file writes."
marker = "sys_platform == \"win32\""
name = "atomicwrites"
optional = false
python-versions = ">=2.7, !=3.0.*, !=3.1.*, !=3.2.*, !=3.3.*"
version = "1.4.0"

[[package]]
category = "dev"
description = "Classes Without Boilerplate"
name = "attrs"
optional = false
python-versions = ">=2.7, !=3.0.*, !=3.1.*, !=3.2.*, !=3.3.*"
version = "19.3.0"

[package.extras]
azure-pipelines = ["coverage", "hypothesis", "pympler", "pytest (>=4.3.0)", "six", "zope.interface", "pytest-azurepipelines"]
dev = ["coverage", "hypothesis", "pympler", "pytest (>=4.3.0)", "six", "zope.interface", "sphinx", "pre-commit"]
docs = ["sphinx", "zope.interface"]
tests = ["coverage", "hypothesis", "pympler", "pytest (>=4.3.0)", "six", "zope.interface"]

[[package]]
category = "main"
description = "Composable command line interface toolkit"
name = "click"
optional = false
python-versions = ">=2.7, !=3.0.*, !=3.1.*, !=3.2.*, !=3.3.*, !=3.4.*"
version = "7.1.2"

[[package]]
category = "dev"
description = "Cross-platform colored terminal text."
marker = "sys_platform == \"win32\""
name = "colorama"
optional = false
python-versions = ">=2.7, !=3.0.*, !=3.1.*, !=3.2.*, !=3.3.*, !=3.4.*"
version = "0.4.3"

[[package]]
category = "dev"
description = "A high performance build system"
name = "meson"
optional = false
python-versions = ">=3.5.2"
version = "0.54.2"

[package.extras]
progress = ["tqdm"]

[[package]]
category = "main"
description = "Mimesis: fake data generator."
name = "mimesis"
optional = false
python-versions = "*"
version = "4.0.0"

[[package]]
category = "dev"
description = "More routines for operating on iterables, beyond itertools"
name = "more-itertools"
optional = false
python-versions = ">=3.5"
version = "8.3.0"

[[package]]
category = "main"
description = "Fast, correct Python JSON library supporting dataclasses, datetimes, and numpy"
name = "orjson"
optional = false
python-versions = ">=3.6"
version = "3.0.2"

[[package]]
category = "dev"
description = "Core utilities for Python packages"
name = "packaging"
optional = false
python-versions = ">=2.7, !=3.0.*, !=3.1.*, !=3.2.*, !=3.3.*"
version = "20.4"

[package.dependencies]
pyparsing = ">=2.0.2"
six = "*"

[[package]]
category = "dev"
description = "plugin and hook calling mechanisms for python"
name = "pluggy"
optional = false
python-versions = ">=2.7, !=3.0.*, !=3.1.*, !=3.2.*, !=3.3.*"
version = "0.13.1"

[package.extras]
dev = ["pre-commit", "tox"]

[[package]]
category = "dev"
description = "library with cross-python path, ini-parsing, io, code, log facilities"
name = "py"
optional = false
python-versions = ">=2.7, !=3.0.*, !=3.1.*, !=3.2.*, !=3.3.*"
version = "1.8.1"

[[package]]
category = "dev"
description = "Python parsing module"
name = "pyparsing"
optional = false
python-versions = ">=2.6, !=3.0.*, !=3.1.*, !=3.2.*"
version = "2.4.7"

[[package]]
category = "dev"
description = "pytest: simple powerful testing with Python"
name = "pytest"
optional = false
python-versions = ">=3.5"
version = "5.4.2"

[package.dependencies]
atomicwrites = ">=1.0"
attrs = ">=17.4.0"
colorama = "*"
more-itertools = ">=4.0.0"
packaging = "*"
pluggy = ">=0.12,<1.0"
py = ">=1.5.0"
wcwidth = "*"

[package.extras]
checkqa-mypy = ["mypy (v0.761)"]
testing = ["argcomplete", "hypothesis (>=3.56)", "mock", "nose", "requests", "xmlschema"]

[[package]]
category = "main"
description = "Python wrapper around rapidjson"
name = "python-rapidjson"
optional = false
python-versions = ">=3.4"
version = "0.9.1"

[[package]]
category = "dev"
description = "Python 2 and 3 compatibility utilities"
name = "six"
optional = false
python-versions = ">=2.7, !=3.0.*, !=3.1.*, !=3.2.*"
version = "1.15.0"

[[package]]
category = "main"
description = "Fast, Extensible Progress Meter"
name = "tqdm"
optional = false
python-versions = ">=2.6, !=3.0.*, !=3.1.*"
version = "4.46.0"

[package.extras]
dev = ["py-make (>=0.1.0)", "twine", "argopt", "pydoc-markdown"]

[[package]]
category = "main"
description = "Ultra fast JSON encoder and decoder for Python"
name = "ujson"
optional = false
python-versions = ">=2.7, !=3.0.*, !=3.1.*, !=3.2.*, !=3.3.*, !=3.4.*"
version = "2.0.3"

[[package]]
category = "dev"
description = "Measures number of Terminal column cells of wide-character codes"
name = "wcwidth"
optional = false
python-versions = "*"
version = "0.1.9"

[metadata]
content-hash = "d8e6a8f88694f2687dd8c278623507765f33c6dfb1e4690d874d0bcb1e74f2d6"
python-versions = "^3.8"

[metadata.files]
atomicwrites = [
    {file = "atomicwrites-1.4.0-py2.py3-none-any.whl", hash = "sha256:6d1784dea7c0c8d4a5172b6c620f40b6e4cbfdf96d783691f2e1302a7b88e197"},
    {file = "atomicwrites-1.4.0.tar.gz", hash = "sha256:ae70396ad1a434f9c7046fd2dd196fc04b12f9e91ffb859164193be8b6168a7a"},
]
attrs = [
    {file = "attrs-19.3.0-py2.py3-none-any.whl", hash = "sha256:08a96c641c3a74e44eb59afb61a24f2cb9f4d7188748e76ba4bb5edfa3cb7d1c"},
    {file = "attrs-19.3.0.tar.gz", hash = "sha256:f7b7ce16570fe9965acd6d30101a28f62fb4a7f9e926b3bbc9b61f8b04247e72"},
]
click = [
    {file = "click-7.1.2-py2.py3-none-any.whl", hash = "sha256:dacca89f4bfadd5de3d7489b7c8a566eee0d3676333fbb50030263894c38c0dc"},
    {file = "click-7.1.2.tar.gz", hash = "sha256:d2b5255c7c6349bc1bd1e59e08cd12acbbd63ce649f2588755783aa94dfb6b1a"},
]
colorama = [
    {file = "colorama-0.4.3-py2.py3-none-any.whl", hash = "sha256:7d73d2a99753107a36ac6b455ee49046802e59d9d076ef8e47b61499fa29afff"},
    {file = "colorama-0.4.3.tar.gz", hash = "sha256:e96da0d330793e2cb9485e9ddfd918d456036c7149416295932478192f4436a1"},
]
meson = [
    {file = "meson-0.54.2.tar.gz", hash = "sha256:a7716eeae8f8dff002e4147642589ab6496ff839e4376a5aed761f83c1fa0455"},
]
mimesis = [
    {file = "mimesis-4.0.0-py3-none-any.whl", hash = "sha256:9a4f001f95b9cceb419266e28b422e67fae71995e16a6ab641ff14dd139f5fa3"},
    {file = "mimesis-4.0.0.tar.gz", hash = "sha256:d59ca48d4118d391704a525cef4e33fa219f3d9c4f9a95b7ec2a0e0c88e048a4"},
]
more-itertools = [
    {file = "more-itertools-8.3.0.tar.gz", hash = "sha256:558bb897a2232f5e4f8e2399089e35aecb746e1f9191b6584a151647e89267be"},
    {file = "more_itertools-8.3.0-py3-none-any.whl", hash = "sha256:7818f596b1e87be009031c7653d01acc46ed422e6656b394b0f765ce66ed4982"},
]
orjson = [
    {file = "orjson-3.0.2-cp36-cp36m-macosx_10_7_x86_64.whl", hash = "sha256:d6001985c41f14ed966937f4ae6a514677041c7bc56a8782c035f7765d74f35d"},
    {file = "orjson-3.0.2-cp36-cp36m-manylinux1_x86_64.whl", hash = "sha256:1304588cc6a3d471f25a3fc490dd4579c091a782323a3ae80b1f08cda9f353bf"},
    {file = "orjson-3.0.2-cp36-cp36m-manylinux2014_aarch64.whl", hash = "sha256:20da2478ee1ecf3ac8ab513888a52c97dfb3a2c9ac5669805d919cb80da4d242"},
    {file = "orjson-3.0.2-cp36-none-win_amd64.whl", hash = "sha256:15d5826376a08b3c8776f785d06173d5aeefe0e388f62231da749391f44ead48"},
    {file = "orjson-3.0.2-cp37-cp37m-macosx_10_7_x86_64.whl", hash = "sha256:7986f23e2d2a30a2a7f6db88288046b8cc9df3cc4b7f2376df27618c26a71483"},
    {file = "orjson-3.0.2-cp37-cp37m-manylinux1_x86_64.whl", hash = "sha256:09a024829a3b4628b74ba627357e0e7b40596476bac913a52f9ac8fa10728bd5"},
    {file = "orjson-3.0.2-cp37-cp37m-manylinux2014_aarch64.whl", hash = "sha256:0d815b2f9507c9ed543d220f4edfeac987812eaa6240345ae5089c8da0781223"},
    {file = "orjson-3.0.2-cp37-none-win_amd64.whl", hash = "sha256:b6033bae98b742edb01c0dd30ea45c7b5f154251c2f4ccdb5a39156a7e4d09ff"},
    {file = "orjson-3.0.2-cp38-cp38-macosx_10_7_x86_64.whl", hash = "sha256:db7ba3acc1c0cec7c10740af4021ff15b9103c4f024e9d2b10d5e77fbe82ca6f"},
    {file = "orjson-3.0.2-cp38-cp38-manylinux1_x86_64.whl", hash = "sha256:d55088e8c1f7dd301500d19c58d05d8df5da1523acbf11c6ba302424b6dbf366"},
    {file = "orjson-3.0.2-cp38-cp38-manylinux2014_aarch64.whl", hash = "sha256:15ce6f35df481539e03ab7557e8deba088b990f8f3b1c67e1b12dd1a2d33184a"},
    {file = "orjson-3.0.2-cp38-none-win_amd64.whl", hash = "sha256:18154aa8b0a6685d17879c2d1d7ec575e13643e08644e6247d07ff1af491e474"},
    {file = "orjson-3.0.2-cp39-cp39-manylinux2014_aarch64.whl", hash = "sha256:cb427a52ef1b29d87378c90aac6a8daf11416d66f510a53529ce88320188b4ee"},
    {file = "orjson-3.0.2-cp39-cp39-manylinux2014_x86_64.whl", hash = "sha256:a66a62637e88021c6d7451cc26304f1d4282ccd2c684b7e5670641722ed13cbb"},
    {file = "orjson-3.0.2.tar.gz", hash = "sha256:4117175a24761dc8248ff91ce2065fc0e690305261460869418295e129ed5a99"},
]
packaging = [
    {file = "packaging-20.4-py2.py3-none-any.whl", hash = "sha256:998416ba6962ae7fbd6596850b80e17859a5753ba17c32284f67bfff33784181"},
    {file = "packaging-20.4.tar.gz", hash = "sha256:4357f74f47b9c12db93624a82154e9b120fa8293699949152b22065d556079f8"},
]
pluggy = [
    {file = "pluggy-0.13.1-py2.py3-none-any.whl", hash = "sha256:966c145cd83c96502c3c3868f50408687b38434af77734af1e9ca461a4081d2d"},
    {file = "pluggy-0.13.1.tar.gz", hash = "sha256:15b2acde666561e1298d71b523007ed7364de07029219b604cf808bfa1c765b0"},
]
py = [
    {file = "py-1.8.1-py2.py3-none-any.whl", hash = "sha256:c20fdd83a5dbc0af9efd622bee9a5564e278f6380fffcacc43ba6f43db2813b0"},
    {file = "py-1.8.1.tar.gz", hash = "sha256:5e27081401262157467ad6e7f851b7aa402c5852dbcb3dae06768434de5752aa"},
]
pyparsing = [
    {file = "pyparsing-2.4.7-py2.py3-none-any.whl", hash = "sha256:ef9d7589ef3c200abe66653d3f1ab1033c3c419ae9b9bdb1240a85b024efc88b"},
    {file = "pyparsing-2.4.7.tar.gz", hash = "sha256:c203ec8783bf771a155b207279b9bccb8dea02d8f0c9e5f8ead507bc3246ecc1"},
]
pytest = [
    {file = "pytest-5.4.2-py3-none-any.whl", hash = "sha256:95c710d0a72d91c13fae35dce195633c929c3792f54125919847fdcdf7caa0d3"},
    {file = "pytest-5.4.2.tar.gz", hash = "sha256:eb2b5e935f6a019317e455b6da83dd8650ac9ffd2ee73a7b657a30873d67a698"},
]
python-rapidjson = [
    {file = "python-rapidjson-0.9.1.tar.gz", hash = "sha256:ad80bd7e4bb15d9705227630037a433e2e2a7982b54b51de2ebabdd1611394a1"},
    {file = "python_rapidjson-0.9.1-cp35-cp35m-macosx_10_6_intel.whl", hash = "sha256:c7d509a8c6192c6e57b5e2c005e8c6dd8d2f988776b3444af42a39ffda38f6a8"},
    {file = "python_rapidjson-0.9.1-cp35-cp35m-manylinux1_i686.whl", hash = "sha256:842c2298f91ecae60925bb133ad5dfb2793dcb909266b88d1d30eaabfd3f5199"},
    {file = "python_rapidjson-0.9.1-cp35-cp35m-manylinux1_x86_64.whl", hash = "sha256:99c7896f14ddd7592842da5181ae6b2cf4362159cde7993875b72b93818a4840"},
    {file = "python_rapidjson-0.9.1-cp35-cp35m-manylinux2010_i686.whl", hash = "sha256:5647c1df3cd2253d16192795c61aeb7be37c07d007179aaeac014992cddc937c"},
    {file = "python_rapidjson-0.9.1-cp35-cp35m-manylinux2010_x86_64.whl", hash = "sha256:b8d26ceb35495a885c4dcf8d28946ae2a878dc749d3c0fedbf0df6e6f5d99f06"},
    {file = "python_rapidjson-0.9.1-cp35-cp35m-win32.whl", hash = "sha256:680a476d41f95cdc7292d17fcb1fcf54445f08e9ca1c5fba2a6067016b42a859"},
    {file = "python_rapidjson-0.9.1-cp35-cp35m-win_amd64.whl", hash = "sha256:292fdd82d4cc3e81b01b46717b969fbba56d19e70708e545e7d86c70cc11596a"},
    {file = "python_rapidjson-0.9.1-cp36-cp36m-macosx_10_6_intel.whl", hash = "sha256:541935d6ef72d6e665acbb649144d4f7aa364e54b0d3c6689b5d427bec2b07c2"},
    {file = "python_rapidjson-0.9.1-cp36-cp36m-manylinux1_i686.whl", hash = "sha256:0fc885de12a35699ed7e4ec9fa56ec791d1d2404269398bf989543e6b324c7fd"},
    {file = "python_rapidjson-0.9.1-cp36-cp36m-manylinux1_x86_64.whl", hash = "sha256:0e129f8c5a098aa7d066fe7ca3a99411010bf3ca1dc17525d4869c77e2dd4351"},
    {file = "python_rapidjson-0.9.1-cp36-cp36m-manylinux2010_i686.whl", hash = "sha256:dab0d99456537e180da9f311aff70712a165c6c362dc4da5fd766ab53869bb64"},
    {file = "python_rapidjson-0.9.1-cp36-cp36m-manylinux2010_x86_64.whl", hash = "sha256:c687dd3b2566dd8fbee4d24b484d35e17b4be9edea720a6601fcf65f39f9b1cd"},
    {file = "python_rapidjson-0.9.1-cp36-cp36m-win32.whl", hash = "sha256:7321bd3b7c96417f0c3d83c1b40d350e0f4893549881bdb384dadf08034f7975"},
    {file = "python_rapidjson-0.9.1-cp36-cp36m-win_amd64.whl", hash = "sha256:12eab9675a75dd14c07ee851429a5465f051aa1ebf66ade093fb15f0dc3159a6"},
    {file = "python_rapidjson-0.9.1-cp37-cp37m-macosx_10_6_intel.whl", hash = "sha256:4e00de6ae6a4c0f91a9096fdea79d4c074166578a431ad4141b678d4531be081"},
    {file = "python_rapidjson-0.9.1-cp37-cp37m-manylinux1_i686.whl", hash = "sha256:c31e659b9720358533e2774fac12f5e5c4ea8cd45e6629fc8eccad0d8f421552"},
    {file = "python_rapidjson-0.9.1-cp37-cp37m-manylinux1_x86_64.whl", hash = "sha256:fc43e5376d8a1243c82e27397011bf03297e94242d45fad2f7b7b1561bf29615"},
    {file = "python_rapidjson-0.9.1-cp37-cp37m-manylinux2010_i686.whl", hash = "sha256:602904892022bef8b1a1e4dc633c052e400d66652fcf0313167d4e227718629c"},
    {file = "python_rapidjson-0.9.1-cp37-cp37m-manylinux2010_x86_64.whl", hash = "sha256:47bb70892452a14729a76e08bb60ba5f9628f5c6ee6a9a0c648fa3c6e543f019"},
    {file = "python_rapidjson-0.9.1-cp37-cp37m-win32.whl", hash = "sha256:70fbeacd28582a9be0b1fe521c14a9fa7d62d624616325de9c55dc53001f6715"},
    {file = "python_rapidjson-0.9.1-cp37-cp37m-win_amd64.whl", hash = "sha256:ad554220dd5903f67765f69698c9c0be50ad67cc989ed9f406c2c19c73d8f2f3"},
    {file = "python_rapidjson-0.9.1-cp38-cp38-macosx_10_9_x86_64.whl", hash = "sha256:2c3f37212499fab32abc3d53d591231e9fe99668f6a93faf8d17de30cdaf80a3"},
    {file = "python_rapidjson-0.9.1-cp38-cp38-manylinux1_i686.whl", hash = "sha256:887026e57e5a142d31d06087ecee556062d83ee1c4dca81230c8d2a6a4cefc40"},
    {file = "python_rapidjson-0.9.1-cp38-cp38-manylinux1_x86_64.whl", hash = "sha256:f81061d34e1510ab284e0c447e7b68dc6f3989260f57d84b3f335e10433692ca"},
    {file = "python_rapidjson-0.9.1-cp38-cp38-manylinux2010_i686.whl", hash = "sha256:c86d6b499603ece6c487cb45d757f7ee1cc8f8a5dc9e1a5548ce54cd763ffe48"},
    {file = "python_rapidjson-0.9.1-cp38-cp38-manylinux2010_x86_64.whl", hash = "sha256:3eee83134adfec5644821c10f776839ee78f9321c691af0116d8fb4331caeb32"},
    {file = "python_rapidjson-0.9.1-cp38-cp38-win32.whl", hash = "sha256:26bfff41f0206f6f1df42c31a4c0d7c8de1e0fb57731707a0e04fa094f8bb7e1"},
    {file = "python_rapidjson-0.9.1-cp38-cp38-win_amd64.whl", hash = "sha256:b11b523ba060fecadf306eeea597645fed287369971bddac1e5bb76e9bff016d"},
]
six = [
    {file = "six-1.15.0-py2.py3-none-any.whl", hash = "sha256:8b74bedcbbbaca38ff6d7491d76f2b06b3592611af620f8426e82dddb04a5ced"},
    {file = "six-1.15.0.tar.gz", hash = "sha256:30639c035cdb23534cd4aa2dd52c3bf48f06e5f4a941509c8bafd8ce11080259"},
]
tqdm = [
    {file = "tqdm-4.46.0-py2.py3-none-any.whl", hash = "sha256:acdafb20f51637ca3954150d0405ff1a7edde0ff19e38fb99a80a66210d2a28f"},
    {file = "tqdm-4.46.0.tar.gz", hash = "sha256:4733c4a10d0f2a4d098d801464bdaf5240c7dadd2a7fde4ee93b0a0efd9fb25e"},
]
ujson = [
    {file = "ujson-2.0.3-cp27-cp27m-manylinux1_x86_64.whl", hash = "sha256:7ae13733d9467d16ccac2f38212cdee841b49ae927085c533425be9076b0bc9d"},
    {file = "ujson-2.0.3-cp27-cp27mu-manylinux1_x86_64.whl", hash = "sha256:6217c63a36e9b26e9271e686d212397ce7fb04c07d85509dd4e2ed73493320f8"},
    {file = "ujson-2.0.3-cp35-cp35m-manylinux1_x86_64.whl", hash = "sha256:c8369ef49169804944e920c427e350182e33756422b69989c55608fc28bebf98"},
    {file = "ujson-2.0.3-cp36-cp36m-manylinux1_x86_64.whl", hash = "sha256:0c23f21e8d2b60efab57bc6ce9d1fb7c4e96f4bfefbf5a6043a3f3309e2a738a"},
    {file = "ujson-2.0.3-cp37-cp37m-manylinux1_x86_64.whl", hash = "sha256:3d1f4705a4ec1e48ff383a4d92299d8ec25e9a8158bcea619912440948117634"},
    {file = "ujson-2.0.3-cp38-cp38-manylinux1_x86_64.whl", hash = "sha256:2ab88e330405315512afe9276f29a60e9b3439187b273665630a57ed7fe1d936"},
    {file = "ujson-2.0.3.tar.gz", hash = "sha256:bd2deffc983827510e5145fb66e4cc0f577480c62fe0b4882139f8f7d27ae9a3"},
]
wcwidth = [
    {file = "wcwidth-0.1.9-py2.py3-none-any.whl", hash = "sha256:cafe2186b3c009a04067022ce1dcd79cb38d8d65ee4f4791b8888d6599d1bbe1"},
    {file = "wcwidth-0.1.9.tar.gz", hash = "sha256:ee73862862a156bf77ff92b09034fc4825dd3af9cf81bc5b360668d425f3c5f1"},
]
